
Microsoft Visual Studio Solution File, Format Version 12.00
# Visual Studio Version 17
VisualStudioVersion = 17.5.002.0
MinimumVisualStudioVersion = 10.0.40219.1
Project("{9A19103F-16F7-4668-BE54-9A1E7A4F7556}") = "Final", "Final\Final.csproj", "{5B02A636-693C-4121-A4B2-C7A0D582026E}"
EndProject
Project("{9A19103F-16F7-4668-BE54-9A1E7A4F7556}") = "Starter", "Starter\Starter.csproj", "{F7D3FA60-0FFC-4DFB-ADA8-8F10A4E2674A}"
EndProject
Global
	GlobalSection(SolutionConfigurationPlatforms) = preSolution
		Debug|Any CPU = Debug|Any CPU
		Release|Any CPU = Release|Any CPU
	EndGlobalSection
	GlobalSection(ProjectConfigurationPlatforms) = postSolution
		{5B02A636-693C-4121-A4B2-C7A0D582026E}.Debug|Any CPU.ActiveCfg = Debug|Any CPU
		{5B02A636-693C-4121-A4B2-C7A0D582026E}.Debug|Any CPU.Build.0 = Debug|Any CPU
		{5B02A636-693C-4121-A4B2-C7A0D582026E}.Release|Any CPU.ActiveCfg = Release|Any CPU
		{5B02A636-693C-4121-A4B2-C7A0D582026E}.Release|Any CPU.Build.0 = Release|Any CPU
		{F7D3FA60-0FFC-4DFB-ADA8-8F10A4E2674A}.Debug|Any CPU.ActiveCfg = Debug|Any CPU
		{F7D3FA60-0FFC-4DFB-ADA8-8F10A4E2674A}.Debug|Any CPU.Build.0 = Debug|Any CPU
		{F7D3FA60-0FFC-4DFB-ADA8-8F10A4E2674A}.Release|Any CPU.ActiveCfg = Release|Any CPU
		{F7D3FA60-0FFC-4DFB-ADA8-8F10A4E2674A}.Release|Any CPU.Build.0 = Release|Any CPU
	EndGlobalSection
	GlobalSection(SolutionProperties) = preSolution
		HideSolutionNode = FALSE
	EndGlobalSection
	GlobalSection(ExtensibilityGlobals) = postSolution
		SolutionGuid = {81E5AA2C-1170-4A13-8135-881D148269E6}
	EndGlobalSection
EndGlobal
